
Microsoft Visual Studio Solution File, Format Version 12.00
# Visual Studio Version 17
VisualStudioVersion = 17.7.34221.43
MinimumVisualStudioVersion = 10.0.40219.1
Project("{FAE04EC0-301F-11D3-BF4B-00C04F79EFBC}") = "TFLCodingChallenge", "TFLCodingChallenge.csproj", "{2A1BD865-01CD-4AF4-8E2C-AEA99FB4316B}"
EndProject
Global
	GlobalSection(SolutionConfigurationPlatforms) = preSolution
		Debug|Any CPU = Debug|Any CPU
		Release|Any CPU = Release|Any CPU
	EndGlobalSection
	GlobalSection(ProjectConfigurationPlatforms) = postSolution
		{2A1BD865-01CD-4AF4-8E2C-AEA99FB4316B}.Debug|Any CPU.ActiveCfg = Debug|Any CPU
		{2A1BD865-01CD-4AF4-8E2C-AEA99FB4316B}.Debug|Any CPU.Build.0 = Debug|Any CPU
		{2A1BD865-01CD-4AF4-8E2C-AEA99FB4316B}.Release|Any CPU.ActiveCfg = Release|Any CPU
		{2A1BD865-01CD-4AF4-8E2C-AEA99FB4316B}.Release|Any CPU.Build.0 = Release|Any CPU
	EndGlobalSection
	GlobalSection(SolutionProperties) = preSolution
		HideSolutionNode = FALSE
	EndGlobalSection
	GlobalSection(ExtensibilityGlobals) = postSolution
		SolutionGuid = {A9D04FF4-4C23-4A89-80C0-DF9DC3EF38CE}
	EndGlobalSection
EndGlobal
